
Microsoft Visual Studio Solution File, Format Version 12.00
# Visual Studio Version 16
VisualStudioVersion = 16.0.30413.136
MinimumVisualStudioVersion = 10.0.40219.1
Project("{FAE04EC0-301F-11D3-BF4B-00C04F79EFBC}") = "Sib.Api", "Sib.Api\Sib.Api.csproj", "{1A44BFF5-B5D7-41E5-95D2-D1D78E2C4D0B}"
EndProject
Project("{2150E333-8FDC-42A3-9474-1A3956D46DE8}") = "Cadastros", "Cadastros", "{C87E0356-6EC9-4747-8928-2D0BEBAC3122}"
EndProject
Project("{FAE04EC0-301F-11D3-BF4B-00C04F79EFBC}") = "Sib.Cadastros.Application", "Sib.Cadastros.Application\Sib.Cadastros.Application.csproj", "{68D89950-624F-46CD-8EE7-D24433FECC66}"
EndProject
Project("{FAE04EC0-301F-11D3-BF4B-00C04F79EFBC}") = "Sib.Cadastros.Domain", "Sib.Cadastros.Domain\Sib.Cadastros.Domain.csproj", "{F0815BC6-CAAB-4873-92FA-5CDD1A39822A}"
EndProject
Project("{FAE04EC0-301F-11D3-BF4B-00C04F79EFBC}") = "Sib.Cadastros.Data", "Sib.Cadastros.Data\Sib.Cadastros.Data.csproj", "{811B28B3-55CF-43A4-BD76-D6B609958E10}"
EndProject
Global
	GlobalSection(SolutionConfigurationPlatforms) = preSolution
		Debug|Any CPU = Debug|Any CPU
		Release|Any CPU = Release|Any CPU
	EndGlobalSection
	GlobalSection(ProjectConfigurationPlatforms) = postSolution
		{1A44BFF5-B5D7-41E5-95D2-D1D78E2C4D0B}.Debug|Any CPU.ActiveCfg = Debug|Any CPU
		{1A44BFF5-B5D7-41E5-95D2-D1D78E2C4D0B}.Debug|Any CPU.Build.0 = Debug|Any CPU
		{1A44BFF5-B5D7-41E5-95D2-D1D78E2C4D0B}.Release|Any CPU.ActiveCfg = Release|Any CPU
		{1A44BFF5-B5D7-41E5-95D2-D1D78E2C4D0B}.Release|Any CPU.Build.0 = Release|Any CPU
		{68D89950-624F-46CD-8EE7-D24433FECC66}.Debug|Any CPU.ActiveCfg = Debug|Any CPU
		{68D89950-624F-46CD-8EE7-D24433FECC66}.Debug|Any CPU.Build.0 = Debug|Any CPU
		{68D89950-624F-46CD-8EE7-D24433FECC66}.Release|Any CPU.ActiveCfg = Release|Any CPU
		{68D89950-624F-46CD-8EE7-D24433FECC66}.Release|Any CPU.Build.0 = Release|Any CPU
		{F0815BC6-CAAB-4873-92FA-5CDD1A39822A}.Debug|Any CPU.ActiveCfg = Debug|Any CPU
		{F0815BC6-CAAB-4873-92FA-5CDD1A39822A}.Debug|Any CPU.Build.0 = Debug|Any CPU
		{F0815BC6-CAAB-4873-92FA-5CDD1A39822A}.Release|Any CPU.ActiveCfg = Release|Any CPU
		{F0815BC6-CAAB-4873-92FA-5CDD1A39822A}.Release|Any CPU.Build.0 = Release|Any CPU
		{811B28B3-55CF-43A4-BD76-D6B609958E10}.Debug|Any CPU.ActiveCfg = Debug|Any CPU
		{811B28B3-55CF-43A4-BD76-D6B609958E10}.Debug|Any CPU.Build.0 = Debug|Any CPU
		{811B28B3-55CF-43A4-BD76-D6B609958E10}.Release|Any CPU.ActiveCfg = Release|Any CPU
		{811B28B3-55CF-43A4-BD76-D6B609958E10}.Release|Any CPU.Build.0 = Release|Any CPU
	EndGlobalSection
	GlobalSection(SolutionProperties) = preSolution
		HideSolutionNode = FALSE
	EndGlobalSection
	GlobalSection(NestedProjects) = preSolution
		{68D89950-624F-46CD-8EE7-D24433FECC66} = {C87E0356-6EC9-4747-8928-2D0BEBAC3122}
		{F0815BC6-CAAB-4873-92FA-5CDD1A39822A} = {C87E0356-6EC9-4747-8928-2D0BEBAC3122}
		{811B28B3-55CF-43A4-BD76-D6B609958E10} = {C87E0356-6EC9-4747-8928-2D0BEBAC3122}
	EndGlobalSection
	GlobalSection(ExtensibilityGlobals) = postSolution
		SolutionGuid = {AFF0B3FE-C072-4BEC-AF1D-08895627BD5A}
	EndGlobalSection
EndGlobal
